{
  "name": "bs-date-fns",
  "version": "0.1.6",
  "lockfileVersion": 1,
  "requires": true,
  "dependencies": {
    "bs-platform": {
      "version": "5.0.6",
      "resolved": "https://registry.npmjs.org/bs-platform/-/bs-platform-5.0.6.tgz",
      "integrity": "sha512-6Boa2VEcWJp2WJr38L7bp3J929nYha7gDarjxb070jWzgfPJ/WbzjipmSfnu2eqqk1MfjEIpBipbPz6n1NISwA==",
      "dev": true
    },
    "date-fns": {
      "version": "2.5.1",
      "resolved": "https://registry.npmjs.org/date-fns/-/date-fns-2.5.1.tgz",
      "integrity": "sha512-ZBrQmuaqH9YqIejbgu8f09ki7wdD2JxWsRTZ/+HnnLNmkI56ty0evnWzKY+ihLT0xX5VdUX0vDNZCxJJGKX2+Q=="
    }
  }
}
