# THIS IS AN AUTOGENERATED FILE. DO NOT EDIT THIS FILE DIRECTLY.
# yarn lockfile v1


bs-platform@^5.0.6:
  version "5.2.1"
  resolved "https://registry.yarnpkg.com/bs-platform/-/bs-platform-5.2.1.tgz#3f76f6d4f4c7255296375a8104c8be332770b691"

date-fns@^2.6.0:
  version "2.6.0"
  resolved "https://registry.yarnpkg.com/date-fns/-/date-fns-2.6.0.tgz#a5bc82e6a4c3995ae124b0ba1a71aec7b8cbd666"
