# THIS IS AN AUTOGENERATED FILE. DO NOT EDIT THIS FILE DIRECTLY.
# yarn lockfile v1


bs-platform@^8.0.3:
  version "8.0.3"
  resolved "https://registry.yarnpkg.com/bs-platform/-/bs-platform-8.0.3.tgz#574e41ec04fee381d4c400dac547735368caa48f"
  integrity sha512-I7wulOPM0/NGamwm9CDh9rGjW1oIKltPwwEIOJrL8DBFRXI8OFSACtWGlpaoOw76Xpf+KcVokr00keS2NlzA3A==

date-fns@^2.8.1:
  version "2.15.0"
  resolved "https://registry.yarnpkg.com/date-fns/-/date-fns-2.15.0.tgz#424de6b3778e4e69d3ff27046ec136af58ae5d5f"
  integrity sha512-ZCPzAMJZn3rNUvvQIMlXhDr4A+Ar07eLeGsGREoWU19a3Pqf5oYa+ccd+B3F6XVtQY6HANMFdOQ8A+ipFnvJdQ==
